# This file was autogenerated by Stack.
# You should not edit this file by hand.
# For more information, please see the documentation at:
#   https://docs.haskellstack.org/en/stable/lock_files

packages:
- completed:
    hackage: text-2.0.2@sha256:d495b2a2a53da7e66163477a5837d2109074f8818fc938739b9ecf27d506050a,9565
    pantry-tree:
      sha256: 278df79382157ad1bd9fe18ce3836cf0278348f140a656280396b71991353d9e
      size: 7514
  original:
    hackage: text-2.0.2
- completed:
    hackage: vector-0.13.1.0@sha256:4650d28eb918812a3158130f833b5ff5020259b28a8f9ee5d28701ce60cf8a16,8997
    pantry-tree:
      sha256: 95f9de9661f337919716dcc3349dc63df3d0d136756d39bc269c10aaaadd9e7d
      size: 4093
  original:
    hackage: vector-0.13.1.0
- completed:
    hackage: vector-stream-0.1.0.1@sha256:be36ab2bee3ec5b7bccc92af5ce27ddd07b7e630cd6bd912344413329ea1652c,1569
    pantry-tree:
      sha256: b9e8973dd99c1d55ef061290bc37459766e0ecb96bb20d1f720464e5a9aee990
      size: 325
  original:
    hackage: vector-stream-0.1.0.1
- completed:
    hackage: hashable-1.4.2.0@sha256:585792335d5541dba78fa8dfcb291a89cd5812a281825ff7a44afa296ab5d58a,4520
    pantry-tree:
      sha256: 792a6cab3f15c5db29d759c8ca735d0be5f4c94f363329652f8b9780009d0829
      size: 1248
  original:
    hackage: hashable-1.4.2.0
- completed:
    hackage: primitive-0.8.0.0@sha256:d0ff45fa6e61f92af23611ceb8b9a6a04c236b50fb70c60e2ed3bfa532703670,3241
    pantry-tree:
      sha256: 3cd206dde51c1589698d8e4a501887e0d6954900e9082b31ac013f09a58fd84f
      size: 1721
  original:
    hackage: primitive-0.8.0.0
- completed:
    hackage: unordered-containers-0.2.19.1@sha256:9ad8972c2e913c37b1d4f0e1261517fd7a1b8c8a58077e057be69837e3dbaa00,3822
    pantry-tree:
      sha256: ab7c0dbe2eea20198c7f471825a4aa87e47ae8976be75d6de4ff7cf2f1258f46
      size: 1517
  original:
    hackage: unordered-containers-0.2.19.1
- completed:
    hackage: transformers-compat-0.7.2@sha256:044fb9955f63ee138fcebedfdcbe54afe741f2d5892a2d0bdf3a8052bd342643,5601
    pantry-tree:
      sha256: f49610c6a2faf82111e5d4222576f4afbcfa904bf56665232c5aa077dfc7578f
      size: 1724
  original:
    hackage: transformers-compat-0.7.2
- completed:
    hackage: microlens-0.4.13.1@sha256:0cd8a0da5fe1b5a5c327bb5296d30940dc9f92c169372939bfcecd3faee953d7,4642
    pantry-tree:
      sha256: 8cf825336264bb5b0434b2b57fc808b84e503c4ec4106d5e05d975f22b9ca5cd
      size: 461
  original:
    hackage: microlens-0.4.13.1
- completed:
    hackage: microlens-ghc-0.4.14.1@sha256:d0880578fc41358eaa38e8222ebd578ccf3c079dc6d4e55bae0b105ac89b53d4,2662
    pantry-tree:
      sha256: 6a83fdeeaf536b4b005570055496cf88fa652272dbfe39598dad88412685accc
      size: 343
  original:
    hackage: microlens-ghc-0.4.14.1
- completed:
    hackage: microlens-platform-0.4.3.3@sha256:8ef4c8d5b9e0948489aa0b0b6a90c3d0c52e768e4e1f0e3f87697f6abd5d88fd,2930
    pantry-tree:
      sha256: 88798635590d2dc4920d956f3b8c43f942851bd88569f27150a9765b3fc40a58
      size: 358
  original:
    hackage: microlens-platform-0.4.3.3
- completed:
    hackage: microlens-mtl-0.2.0.3@sha256:0ace1ba95677117219681fb9a8b08b3bf049ab5973eed14453b260aaf1feb582,1965
    pantry-tree:
      sha256: 6a67528c409030bda8dd7b775288fc4c86bbd235bc82b77216c0ff7fb715b58a
      size: 344
  original:
    hackage: microlens-mtl-0.2.0.3
- completed:
    hackage: microlens-th-0.4.3.13@sha256:45ccccc91a290f792e952afd58062abddb519b81dd28e19c822d0e0042746044,2486
    pantry-tree:
      sha256: 38e5a9679a071c4fc8f409c8953c3b5f1264b135609b00bb8fc5c73041838a8c
      size: 558
  original:
    hackage: microlens-th-0.4.3.13
- completed:
    hackage: th-abstraction-0.5.0.0@sha256:4351cadf6bf0ca80c90225bae0b12f4cfdd550f30c333b050186af5a8bc19457,2236
    pantry-tree:
      sha256: f1e547789ee75cf1d880c2dd6498254e9a37de052842b573b43c4b4a1ebcfd6d
      size: 670
  original:
    hackage: th-abstraction-0.5.0.0
- completed:
    hackage: megaparsec-9.3.0@sha256:5836aed85cdc87025c2e947040331f2a3cde32911db3b841161c6f3dc4fc5f4f,3219
    pantry-tree:
      sha256: 5373bad5ded9d65b4947b0cda8720e73bcb2321f3e45e6487596803bc56d65f9
      size: 1519
  original:
    hackage: megaparsec-9.3.0
- completed:
    hackage: parser-combinators-1.3.0@sha256:edd54ba56cbae8fadbcceebcfef31b2c70a835e92e5eda41151b939c40647281,1570
    pantry-tree:
      sha256: 0754c8d3f213156877f8085da2ad74433167a6c30272b8b64119a2628bd7ade0
      size: 795
  original:
    hackage: parser-combinators-1.3.0
- completed:
    hackage: case-insensitive-1.2.1.0@sha256:9dfd3171fc7698cf8d931727d3af3a7b389135b583e46b5adac1f9d2026fff61,2244
    pantry-tree:
      sha256: d6f175b17eacce002fc5336c17e119d989bd97f8ad9702446163c9e27c7c79b7
      size: 688
  original:
    hackage: case-insensitive-1.2.1.0
- completed:
    hackage: scientific-0.3.7.0@sha256:26d8109106963a345368011081453d25ee1dfa6afae2b1f57b426b4bcd392d91,4854
    pantry-tree:
      sha256: a43cd3b3aa7d7d12d3aaa8fa0f1d018c5db9ea11fa3edcd909fda3dfa58538ac
      size: 657
  original:
    hackage: scientific-0.3.7.0
- completed:
    hackage: integer-logarithms-1.0.3.1@sha256:336fb40c3af19a59dbeb4e5b7bffe4b4c7fa04ab06006a8d4b70b1febc1bb4ca,3262
    pantry-tree:
      sha256: 529f0879fa0dd5621748208df9451b55e5d8edcc22c0e6639666f6196d6636eb
      size: 865
  original:
    hackage: integer-logarithms-1.0.3.1
- completed:
    hackage: utf8-string-1.0.2@sha256:79416292186feeaf1f60e49ac5a1ffae9bf1b120e040a74bf0e81ca7f1d31d3f,1538
    pantry-tree:
      sha256: 0863c3c9b6ee24dd38873c62e38ac46dd50aff2ea6b362beadf7f9b4a273c75f
      size: 601
  original:
    hackage: utf8-string-1.0.2
- completed:
    hackage: ansi-terminal-1.0@sha256:640ffecfd95471388d939fcacb57bdc0cef15f0457746c234a12cdd5a6c6d1e8,2706
    pantry-tree:
      sha256: d2028688664a01877fcbf4a7dc820574bec07f17393e570a98c00c49cd28d5cf
      size: 1061
  original:
    hackage: ansi-terminal-1.0
- completed:
    hackage: ansi-terminal-types-0.11.5@sha256:f78440dfd95c4509e88855ac7cc2d9566ddf956a92c1290404cac93ad1a1b00a,1482
    pantry-tree:
      sha256: 0a03e697837c4fae43543f3be0fcf9d88157ba637fbd1b656fc8bf79b1656a14
      size: 291
  original:
    hackage: ansi-terminal-types-0.11.5
- completed:
    hackage: colour-2.3.6@sha256:ebdcbf15023958838a527e381ab3c3b1e99ed12d1b25efeb7feaa4ad8c37664a,2378
    pantry-tree:
      sha256: 03f8e22f364deb86098dbfbe0bf83c896437b2355f139abdac0402658fb6ac7e
      size: 1183
  original:
    hackage: colour-2.3.6
- completed:
    hackage: random-1.2.1.1@sha256:dea1f11e5569332dc6c8efaad1cb301016a5587b6754943a49f9de08ae0e56d9,6541
    pantry-tree:
      sha256: 646ee77fe01178837ee928b61ae8653dcf190e9b5353ebebd094079c77a18b76
      size: 1528
  original:
    hackage: random-1.2.1.1
- completed:
    hackage: splitmix-0.1.0.4@sha256:db25c2e17967aa6b6046ab8b1b96ba3f344ca59a62b60fb6113d51ea305a3d8e,6537
    pantry-tree:
      sha256: d0ee67a1005ff3b666d3edce14e0b1f9ff966de7d090f6340fd436d958293839
      size: 1519
  original:
    hackage: splitmix-0.1.0.4
- completed:
    hackage: conduit-1.3.5@sha256:22665df25c9c158d5fcfb299e46b0b642868add42a6bb13b79d457dc7ff7be1a,5092
    pantry-tree:
      sha256: 83226d1b9e0e68609811f2533fe264a47e5054a99ec2d1d368cb446fd314ca39
      size: 1957
  original:
    hackage: conduit-1.3.5
- completed:
    hackage: resourcet-1.3.0@sha256:faa760fb28fb5c98fbe4867e375a775495cabc00926da81fa102dc991017d2c5,1739
    pantry-tree:
      sha256: 7d8da7c8bcbab08f5de8a1d7964d5224aeb160ac0843757539d81f07d4315886
      size: 648
  original:
    hackage: resourcet-1.3.0
- completed:
    hackage: mono-traversable-1.0.15.3@sha256:059bf3c05cdbef2d06b765333fe41c2168ced2503a23de674e2a59ceb2548c48,2060
    pantry-tree:
      sha256: 20193844369b5e6e0ed2c0df9946db5bd65a6206e3cc9f7cf059523e27a818b8
      size: 710
  original:
    hackage: mono-traversable-1.0.15.3
- completed:
    hackage: unliftio-core-0.2.1.0@sha256:28800633b20e0f7bfbdda1248c28022749aa0935aea10b1e3fc9c88cbebb06de,1004
    pantry-tree:
      sha256: ca046ab9d03eb5ae73f3414cbd9ae3ed61d3c59df88c944a7105832aff30431d
      size: 328
  original:
    hackage: unliftio-core-0.2.1.0
- completed:
    hackage: split-0.2.5@sha256:5bc1ae848bfded3087ea3e568908f1b75f56ecde6f02df3fad1a138dd5c783d5,2625
    pantry-tree:
      sha256: 5d28c851a2c98e3d8ac0f01adc58303d775afe39dce23ec953be64ae65d11166
      size: 443
  original:
    hackage: split-0.2.5
- completed:
    hackage: vector-algorithms-0.9.0.1@sha256:222b01a4c0b9e13d73d04fba7c65930df16d1647acc07d84c47ef0356fa33dba,3880
    pantry-tree:
      sha256: f2442ae23235b332dcd8b593bb20bfae02890ec891330c060ac4a410a5f1d64d
      size: 1510
  original:
    hackage: vector-algorithms-0.9.0.1
- completed:
    hackage: bitvec-1.1.5.0@sha256:7c5639f95c8ce9d5be810152bfcaf701aac3b7d7f08685a869c7eda63dc2cd76,4734
    pantry-tree:
      sha256: c7fae53663e417bbb21ce80662bc3ebe8c49ed9a27f95ffdd340813515b3f29f
      size: 2507
  original:
    hackage: bitvec-1.1.5.0
- completed:
    hackage: aeson-2.2.1.0@sha256:a23a61aada8233e10573e1612c0b2efe5a1aba0d59b05dbe2f63301822f136cb,6582
    pantry-tree:
      sha256: 8a50c54b9ecba80ecc3df3ea67faa4d155d6f6a6b3e342c74f3e6b0dcdc87e13
      size: 83518
  original:
    hackage: aeson-2.2.1.0
- completed:
    hackage: OneTuple-0.4.1.1@sha256:632dfded172086fb9f0e26d3578bcfffa3fb6d135ea5a8de17b7a33ff6e6e682,2575
    pantry-tree:
      sha256: 7bebadb3ccdaa78924ebabab963f72427cf6bb37dc7d8268c19f5da811731ffb
      size: 506
  original:
    hackage: OneTuple-0.4.1.1
- completed:
    hackage: QuickCheck-2.14.3@sha256:f03d2f404d5ba465453d0fbc1944832789a759fe7c4f9bf8616bc1378a02fde4,7847
    pantry-tree:
      sha256: e920d61bcc10ef2aee0cc3e2a216d05b8491564ad27c1c5e2fbbb221b00b7f8e
      size: 2315
  original:
    hackage: QuickCheck-2.14.3
- completed:
    hackage: data-fix-0.3.2@sha256:cd7d6ff8b68aca3b51d8116870fc8ccdbc557989562cd3d5c941e4f0b7bc5af1,1734
    pantry-tree:
      sha256: 39ea2bb3ace2b61bf72e7df77948f7fccc67c70d12a11e35dd20744eec5dd0bf
      size: 262
  original:
    hackage: data-fix-0.3.2
- completed:
    hackage: dlist-1.0@sha256:55ff69d20ce638fc7727342ee67f2f868da61d3dcf3763f790bf9aa0b145e568,3812
    pantry-tree:
      sha256: 2dc4a62f01d4f0dfda74b700478f56f560513c6adabd0b7bc5da5aa284d2df57
      size: 953
  original:
    hackage: dlist-1.0
- completed:
    hackage: generically-0.1.1@sha256:378ec049bc2853b8011df116647fbd34bb9f00edce9840e4957f98abc097597c,1169
    pantry-tree:
      sha256: 9f30503d1fe709f3849c5dd8b9751697a8db4d66105d7ba9c3b98bf4e36bb232
      size: 233
  original:
    hackage: generically-0.1.1
- completed:
    hackage: indexed-traversable-0.1.3@sha256:911f96592752ce4ffbeda00b1155dbbfac5135c71d6755ae02c00552819a9b17,2674
    pantry-tree:
      sha256: 181cff1f160115b7ed52b9da8f4f9d10e7042821f74b23381044661120f180e6
      size: 625
  original:
    hackage: indexed-traversable-0.1.3
- completed:
    hackage: integer-conversion-0.1.0.1@sha256:0e57a82635323f015b5d6c242bcfbbeeaa9854fe9c8058e57052254dbb24bb14,2250
    pantry-tree:
      sha256: 5684bd08f7edbadbff77d84075b37cdf41309bd8a0dc23bcea6ffbf4497adb7f
      size: 509
  original:
    hackage: integer-conversion-0.1.0.1
- completed:
    hackage: network-uri-2.6.4.2@sha256:6fffb57373962b5651a2db8b0af732098b3bf029a7ced76a9855615de2026588,3217
    pantry-tree:
      sha256: 659f5e9fabda559f1aff6b64d04cf8adfd69bdda535c896fe90289f307a071c9
      size: 551
  original:
    hackage: network-uri-2.6.4.2
- completed:
    hackage: semialign-1.3@sha256:7be9ef5ca1d6b052991f68c053aab68b9d1ab3b1938c9557ac84c97937815223,2888
    pantry-tree:
      sha256: e5daa7e0023dabb1b21a04bf084364b94e45e81b380e950b90f51294a1990b87
      size: 537
  original:
    hackage: semialign-1.3
- completed:
    hackage: strict-0.5@sha256:bd57d7b3655951dfaa7d1e1374d7352dfe83f82a9c98309bf3a6587ef8cbd87d,4120
    pantry-tree:
      sha256: 87b874af151a91e5d723734d6e6b98d99c0b60d4835f1ff2d39d862b3fbf04c4
      size: 654
  original:
    hackage: strict-0.5
- completed:
    hackage: tagged-0.8.8@sha256:c4fdbd3e1c423af0ccf8eb9e9962620106c34e32ed8e0cc647fb06899a703e04,2880
    pantry-tree:
      sha256: 426122f677ff812f5aaf1784cc90ff4101930138e48df832bdcbd0d294b7534f
      size: 496
  original:
    hackage: tagged-0.8.8
- completed:
    hackage: text-iso8601-0.1@sha256:ac86f2500ca751db3c0de029dd7e7826bef7366d59dc0085b00fc695c43b9f76,2407
    pantry-tree:
      sha256: 2ce4c1ddd0672388ba61a8c921c05869b6bd88c4663c4d9bbf7cd9de1a607634
      size: 427
  original:
    hackage: text-iso8601-0.1
- completed:
    hackage: text-short-0.1.5@sha256:9c73c9c9182ca69ee92ce3758f515b1c078cd167d882ccc8c46f92f68c65e190,3216
    pantry-tree:
      sha256: d3dcfee9029cd3624a788a0e65f0dea588ae0446a8a75a27d6b6164b8ee0fd57
      size: 727
  original:
    hackage: text-short-0.1.5
- completed:
    hackage: these-1.2@sha256:011e22f6891ca028f87c04ea48796696c92d593313a9c699f7ff4f9ffd7aec6e,2882
    pantry-tree:
      sha256: 37483703ce7326c07608b06f2f741fb0f708cb06bd10ec57d87108d068046b05
      size: 351
  original:
    hackage: these-1.2
- completed:
    hackage: time-compat-1.9.6.1@sha256:17631ef01a03a6f55fbe131690f87f6dee9a1572acc99b6c06f04882470ffb52,5076
    pantry-tree:
      sha256: 28a0fbb30a163417a5c39acc191e5caceb21a5cf2b3fa976f43490a8d3742949
      size: 4113
  original:
    hackage: time-compat-1.9.6.1
- completed:
    hackage: uuid-types-1.0.5.1@sha256:918c8a115a0bc427cdaa4d1f51c1634bf3ac53679d0bbe039b77b9c1b62cfcbd,2660
    pantry-tree:
      sha256: 7e596d61e20750d64db542d9c662e8b59f1be0f43e869c02681e1769125b2223
      size: 480
  original:
    hackage: uuid-types-1.0.5.1
- completed:
    hackage: witherable-0.4.2@sha256:cec516b35df0ff53ab0068e70a912a0ba7b65c672fbc554727183faa195ad3b8,2342
    pantry-tree:
      sha256: 0a64b4d06cc5b28b81c001c5f9d306ca8630c206245b313b41660e210fb1edb0
      size: 384
  original:
    hackage: witherable-0.4.2
- completed:
    hackage: base-orphans-0.9.1@sha256:c4733d09f798fc4304e936924a1a7d9fc2425aefad6c46ad4592035254b46051,3220
    pantry-tree:
      sha256: 7675c51e8d87899f8749f3140349771c977f9ff7497e896aead1bbae9d570c74
      size: 1272
  original:
    hackage: base-orphans-0.9.1
- completed:
    hackage: foldable1-classes-compat-0.1@sha256:fb4b3cedd33d5c22c573c39baa930c78eaa4feb22d43abb680c3149f8ab9fa4e,3782
    pantry-tree:
      sha256: 44114992b224a7455902ebc790c849b215081178abb4b640d085571aa1617e71
      size: 518
  original:
    hackage: foldable1-classes-compat-0.1
- completed:
    hackage: th-compat-0.1.4@sha256:f5f2c679ecc1c1b83d2d68db6cc564e5c78d53425e69e1b9e36784820e122d37,3224
    pantry-tree:
      sha256: f6662631c9aa646ddbf4e5e31e3918a57d35af975cb34b2fc5237e4ce70ddb4e
      size: 530
  original:
    hackage: th-compat-0.1.4
- completed:
    hackage: indexed-traversable-instances-0.1.1.2@sha256:00d5e3e149e2bee0f7a547e0093294c306d4276e73a619abe7d8e69f7ce03c7b,2550
    pantry-tree:
      sha256: 47cf9c6a2007db09aa40ba559f0c3ccd1341f8e68b0dfc7b410b3b815ff36ab5
      size: 366
  original:
    hackage: indexed-traversable-instances-0.1.1.2
- completed:
    hackage: semigroupoids-6.0.0.1@sha256:47a23b451c114e65361e713e8fe36828fca3a84285325e8f444254b2ab0c43c5,7465
    pantry-tree:
      sha256: 1df286a998f4b26f8e6b596a571363197c55e05b0ff882ed2e6e6f315f8207e0
      size: 2404
  original:
    hackage: semigroupoids-6.0.0.1
- completed:
    hackage: assoc-1.1@sha256:56d0fd1c17aaf6268e81bf19ba5afe186128d7f88126bd546d5b3151ab692652,1617
    pantry-tree:
      sha256: c6d624f9056f55b8fafdad746f489f269d4f90dc28e8e42b23064884d33c5f8d
      size: 290
  original:
    hackage: assoc-1.1
- completed:
    hackage: bifunctors-5.6.1@sha256:82fa7ed8f69f0bfa375de117ab36414c0b96a97ee046edc3ac6da7a295a94755,3273
    pantry-tree:
      sha256: f7f9304b7add6109d676d756c5965b17d543b53412e41706b56044068dde7e39
      size: 1465
  original:
    hackage: bifunctors-5.6.1
- completed:
    hackage: comonad-5.0.8@sha256:4a4dbfbd03fb4963987710fca994e8b5624bd05a33e5f95b7581b26f8229c5e3,3631
    pantry-tree:
      sha256: 5810cb53d6c5e73239ad6d183eab847fba8fc1a8cd09056ede5d00c8848c8c7e
      size: 1618
  original:
    hackage: comonad-5.0.8
- completed:
    hackage: contravariant-1.5.5@sha256:470ed0e040e879e2da4af1b2c8f94e199f6135852a8107858d5ae0a95365835f,3041
    pantry-tree:
      sha256: 9eb62fea28548dc8a0f60fd47c12843092b78b24ed771b8ad63a0bb34dba8bc4
      size: 652
  original:
    hackage: contravariant-1.5.5
- completed:
    hackage: distributive-0.6.2.1@sha256:0f99f5541cca04acf89b64432b03422b6408e830a8dff30e6c4334ef1a48680c,2996
    pantry-tree:
      sha256: a42bed5fe0ba295643538312dee6c9436314c05a6f7efdd32b4303979f8bd744
      size: 735
  original:
    hackage: distributive-0.6.2.1
- completed:
    hackage: StateVar-1.2.2@sha256:3c022c00485fe165e3080d5da6b3ca9c9b02f62c5deebc584d1b3d1309ce673e,1673
    pantry-tree:
      sha256: 204cac98219e99334f47b12c565945611748ea03a4d629273dd697d738bcfd7f
      size: 314
  original:
    hackage: StateVar-1.2.2
- completed:
    hackage: yaml-0.11.11.2@sha256:6f0a1859e0fb3068e50dbc7fe9bf9a26847741bc24344e35e16a03711a18f88d,5178
    pantry-tree:
      sha256: 799f6815fe2c823561c3935bdf0cabe5f4f4a55462dc9c0d2a9838f963c97ea0
      size: 2044
  original:
    hackage: yaml-0.11.11.2
- completed:
    hackage: attoparsec-0.14.4@sha256:ec709539b881d6431620bd7c40fbfa680aaf4a98c6f35b51536d8f455682b1ae,5703
    pantry-tree:
      sha256: 859a99c7b716d7288a4d8ada61c036e5715485bca5ea4e379f113ccbf06d8a5c
      size: 5039
  original:
    hackage: attoparsec-0.14.4
- completed:
    hackage: libyaml-0.1.2@sha256:7fb663b11fcdb86503c14aa81763106ea79b1048fc29a1fe44ec346d9ecac101,2222
    pantry-tree:
      sha256: 52fb43b19dc4e0224a9efe79ec90e5ce45f38ad317c3d751ee62f2cdcd461d49
      size: 1096
  original:
    hackage: libyaml-0.1.2
- completed:
    hackage: cmdargs-0.10.22@sha256:0d1a33c3978fbcdda4f2543e62ac3ed8ad36152e141cdeebeece7e08d6529d63,4248
    pantry-tree:
      sha256: 2957554d00a23a204b5367d2070471e21a1e35cf0ddc7bdbfb26a047e754dbf6
      size: 3122
  original:
    hackage: cmdargs-0.10.22
snapshots: []
