# This file was autogenerated by Stack.
# You should not edit this file by hand.
# For more information, please see the documentation at:
#   https://docs.haskellstack.org/en/stable/lock_files

packages:
- completed:
    hackage: text-2.0.2@sha256:d495b2a2a53da7e66163477a5837d2109074f8818fc938739b9ecf27d506050a,9565
    pantry-tree:
      sha256: 278df79382157ad1bd9fe18ce3836cf0278348f140a656280396b71991353d9e
      size: 7514
  original:
    hackage: text-2.0.2
- completed:
    hackage: hashable-1.4.2.0@sha256:585792335d5541dba78fa8dfcb291a89cd5812a281825ff7a44afa296ab5d58a,4520
    pantry-tree:
      sha256: 792a6cab3f15c5db29d759c8ca735d0be5f4c94f363329652f8b9780009d0829
      size: 1248
  original:
    hackage: hashable-1.4.2.0
- completed:
    hackage: vector-0.13.0.0@sha256:fa5cac81a17a5af388716792e8b99c24b3b66770086756d0d8b23f8272a0244c,9112
    pantry-tree:
      sha256: d2461d28022c8c0a91da08b579b1bff478f617102d2f5ef596cc5b28d14b8b6a
      size: 4092
  original:
    hackage: vector-0.13.0.0
- completed:
    hackage: data-array-byte-0.1.0.1@sha256:2ef1bd3511e82ba56f7f23cd793dd2da84338a1e7c2cbea5b151417afe3baada,1989
    pantry-tree:
      sha256: 3e2e40055eef1b63c43900296d2584d2911a24ad7016d3d73bd9c73150287212
      size: 326
  original:
    hackage: data-array-byte-0.1.0.1
- completed:
    hackage: primitive-0.8.0.0@sha256:826bf2a702a26ef87532a135808abad69d74f70ead39f26c06d034b1f0537a19,3104
    pantry-tree:
      sha256: eaf8b0689d5a3cbc38b5a5b4bf665ec5822ad0060e8876b26bf6f13b9741295a
      size: 1721
  original:
    hackage: primitive-0.8.0.0
- completed:
    hackage: vector-stream-0.1.0.0@sha256:f5d6d5291cd1b5f2f063403593f1f5c8127d692c888eedeb3e1eb40497a88dca,1404
    pantry-tree:
      sha256: 7abf33cdd9ebda41c864f83e860612eee6bd2dfae0484eb8922900ad5a79160d
      size: 325
  original:
    hackage: vector-stream-0.1.0.0
- completed:
    hackage: unordered-containers-0.2.19.1@sha256:9ad8972c2e913c37b1d4f0e1261517fd7a1b8c8a58077e057be69837e3dbaa00,3822
    pantry-tree:
      sha256: ab7c0dbe2eea20198c7f471825a4aa87e47ae8976be75d6de4ff7cf2f1258f46
      size: 1517
  original:
    hackage: unordered-containers-0.2.19.1
- completed:
    hackage: transformers-compat-0.7.2@sha256:044fb9955f63ee138fcebedfdcbe54afe741f2d5892a2d0bdf3a8052bd342643,5601
    pantry-tree:
      sha256: f49610c6a2faf82111e5d4222576f4afbcfa904bf56665232c5aa077dfc7578f
      size: 1724
  original:
    hackage: transformers-compat-0.7.2
- completed:
    hackage: microlens-0.4.13.1@sha256:0cd8a0da5fe1b5a5c327bb5296d30940dc9f92c169372939bfcecd3faee953d7,4642
    pantry-tree:
      sha256: 8cf825336264bb5b0434b2b57fc808b84e503c4ec4106d5e05d975f22b9ca5cd
      size: 461
  original:
    hackage: microlens-0.4.13.1
- completed:
    hackage: microlens-ghc-0.4.14.1@sha256:d0880578fc41358eaa38e8222ebd578ccf3c079dc6d4e55bae0b105ac89b53d4,2662
    pantry-tree:
      sha256: 6a83fdeeaf536b4b005570055496cf88fa652272dbfe39598dad88412685accc
      size: 343
  original:
    hackage: microlens-ghc-0.4.14.1
- completed:
    hackage: microlens-platform-0.4.3.3@sha256:8ef4c8d5b9e0948489aa0b0b6a90c3d0c52e768e4e1f0e3f87697f6abd5d88fd,2930
    pantry-tree:
      sha256: 88798635590d2dc4920d956f3b8c43f942851bd88569f27150a9765b3fc40a58
      size: 358
  original:
    hackage: microlens-platform-0.4.3.3
- completed:
    hackage: microlens-mtl-0.2.0.3@sha256:0ace1ba95677117219681fb9a8b08b3bf049ab5973eed14453b260aaf1feb582,1965
    pantry-tree:
      sha256: 6a67528c409030bda8dd7b775288fc4c86bbd235bc82b77216c0ff7fb715b58a
      size: 344
  original:
    hackage: microlens-mtl-0.2.0.3
- completed:
    hackage: microlens-th-0.4.3.13@sha256:45ccccc91a290f792e952afd58062abddb519b81dd28e19c822d0e0042746044,2486
    pantry-tree:
      sha256: 38e5a9679a071c4fc8f409c8953c3b5f1264b135609b00bb8fc5c73041838a8c
      size: 558
  original:
    hackage: microlens-th-0.4.3.13
- completed:
    hackage: th-abstraction-0.5.0.0@sha256:4351cadf6bf0ca80c90225bae0b12f4cfdd550f30c333b050186af5a8bc19457,2236
    pantry-tree:
      sha256: f1e547789ee75cf1d880c2dd6498254e9a37de052842b573b43c4b4a1ebcfd6d
      size: 670
  original:
    hackage: th-abstraction-0.5.0.0
- completed:
    hackage: monadlist-0.0.2@sha256:978305e3f03dd5f65c673b551124dac0c39a247c2c14d84739ca9a3405fbb63a,904
    pantry-tree:
      sha256: 3a30e1c54fd12824b5259b600dae6ba33c0162754d91c0c6a25435d0aae7ac7d
      size: 222
  original:
    hackage: monadlist-0.0.2
- completed:
    hackage: megaparsec-9.3.0@sha256:5836aed85cdc87025c2e947040331f2a3cde32911db3b841161c6f3dc4fc5f4f,3219
    pantry-tree:
      sha256: 5373bad5ded9d65b4947b0cda8720e73bcb2321f3e45e6487596803bc56d65f9
      size: 1519
  original:
    hackage: megaparsec-9.3.0
- completed:
    hackage: parser-combinators-1.3.0@sha256:edd54ba56cbae8fadbcceebcfef31b2c70a835e92e5eda41151b939c40647281,1570
    pantry-tree:
      sha256: 0754c8d3f213156877f8085da2ad74433167a6c30272b8b64119a2628bd7ade0
      size: 795
  original:
    hackage: parser-combinators-1.3.0
- completed:
    hackage: case-insensitive-1.2.1.0@sha256:9dfd3171fc7698cf8d931727d3af3a7b389135b583e46b5adac1f9d2026fff61,2244
    pantry-tree:
      sha256: d6f175b17eacce002fc5336c17e119d989bd97f8ad9702446163c9e27c7c79b7
      size: 688
  original:
    hackage: case-insensitive-1.2.1.0
- completed:
    hackage: scientific-0.3.7.0@sha256:26d8109106963a345368011081453d25ee1dfa6afae2b1f57b426b4bcd392d91,4854
    pantry-tree:
      sha256: a43cd3b3aa7d7d12d3aaa8fa0f1d018c5db9ea11fa3edcd909fda3dfa58538ac
      size: 657
  original:
    hackage: scientific-0.3.7.0
- completed:
    hackage: integer-logarithms-1.0.3.1@sha256:336fb40c3af19a59dbeb4e5b7bffe4b4c7fa04ab06006a8d4b70b1febc1bb4ca,3262
    pantry-tree:
      sha256: 529f0879fa0dd5621748208df9451b55e5d8edcc22c0e6639666f6196d6636eb
      size: 865
  original:
    hackage: integer-logarithms-1.0.3.1
- completed:
    hackage: utf8-string-1.0.2@sha256:79416292186feeaf1f60e49ac5a1ffae9bf1b120e040a74bf0e81ca7f1d31d3f,1538
    pantry-tree:
      sha256: 0863c3c9b6ee24dd38873c62e38ac46dd50aff2ea6b362beadf7f9b4a273c75f
      size: 601
  original:
    hackage: utf8-string-1.0.2
- completed:
    hackage: ansi-terminal-1.0@sha256:640ffecfd95471388d939fcacb57bdc0cef15f0457746c234a12cdd5a6c6d1e8,2706
    pantry-tree:
      sha256: d2028688664a01877fcbf4a7dc820574bec07f17393e570a98c00c49cd28d5cf
      size: 1061
  original:
    hackage: ansi-terminal-1.0
- completed:
    hackage: ansi-terminal-types-0.11.5@sha256:f78440dfd95c4509e88855ac7cc2d9566ddf956a92c1290404cac93ad1a1b00a,1482
    pantry-tree:
      sha256: 0a03e697837c4fae43543f3be0fcf9d88157ba637fbd1b656fc8bf79b1656a14
      size: 291
  original:
    hackage: ansi-terminal-types-0.11.5
- completed:
    hackage: colour-2.3.6@sha256:ebdcbf15023958838a527e381ab3c3b1e99ed12d1b25efeb7feaa4ad8c37664a,2378
    pantry-tree:
      sha256: 03f8e22f364deb86098dbfbe0bf83c896437b2355f139abdac0402658fb6ac7e
      size: 1183
  original:
    hackage: colour-2.3.6
- completed:
    hackage: clock-0.8.3@sha256:a692159828c2cd278eaec317b3a7e9fb6d7b787c8a19f086004d15d9fa1fd72c,4601
    pantry-tree:
      sha256: 3e62393d5c7671b21d8aa84ef9ee0550334053711c80b5beeca295466a6615c7
      size: 499
  original:
    hackage: clock-0.8.3
- completed:
    hackage: Win32-2.13.4.0@sha256:9b8a82743985f8a95c03b2bc64be33ad1cd603e2493cb8b48d3cb923556dbb61,5585
    pantry-tree:
      sha256: aec6e0f00f4cc90416e3a6cb4bf972ebdf8927784900579acf72bfe4febb7744
      size: 8011
  original:
    hackage: Win32-2.13.4.0
- completed:
    hackage: time-1.12.2@sha256:88e8493d9130038d3b9968a2530a0900141cd3d938483c83dde56e12b875ebc8,6510
    pantry-tree:
      sha256: de0ab314661da3788b5dad20254e44929b1659b00d32b5a0cd54922a05e006e8
      size: 7264
  original:
    hackage: time-1.12.2
- completed:
    hackage: directory-1.3.8.1@sha256:e384a4831b0ac0f8908a1d99d14ce44bf9c5fe2092eec5b2c47ea072d477a493,2942
    pantry-tree:
      sha256: 5265dc75d29245961933e91bbae05b5f7630da84489b6e157a44d95d4c097618
      size: 3519
  original:
    hackage: directory-1.3.8.1
- completed:
    hackage: haskeline-0.8.2.1@sha256:23369899343e5d60fe45263367126ca6bf20e3edc019b53285ef6d020665493a,5827
    pantry-tree:
      sha256: 64aac9978489c26695809db39dc61c433976c972ce6cc4cb5973a8e3610214b4
      size: 2955
  original:
    hackage: haskeline-0.8.2.1
- completed:
    hackage: filepath-1.4.100.3@sha256:ab6e3330c42817b0effb14cae9c60d5cdc41d61f7354d04bc529ed031113f27c,5623
    pantry-tree:
      sha256: f1b2b6c62b0de17f7a63a1ee7e9a9810fc6a76ecd1d5db7e7b1c44802d83ea10
      size: 3407
  original:
    hackage: filepath-1.4.100.3
- completed:
    hackage: process-1.6.17.0@sha256:49d8a7f372d35363011591b253cae4c8db8b9ec594590448e20b7bed7acaee98,2845
    pantry-tree:
      sha256: cfcb73c1a6a3f653f02e838e146d36505c1506d8bf57a4bb306d7ca905110a9e
      size: 1545
  original:
    hackage: process-1.6.17.0
snapshots: []
